
Microsoft Visual Studio Solution File, Format Version 12.00
# Visual Studio Version 16
VisualStudioVersion = 16.0.28803.156
MinimumVisualStudioVersion = 10.0.40219.1
Project("{FAE04EC0-301F-11D3-BF4B-00C04F79EFBC}") = "IngesterWebApp", "IngesterWebApp\IngesterWebApp.csproj", "{DD3DD3D0-D293-4326-BC8D-9479E709C5F1}"
EndProject
Global
	GlobalSection(SolutionConfigurationPlatforms) = preSolution
		Debug|Any CPU = Debug|Any CPU
		Release|Any CPU = Release|Any CPU
	EndGlobalSection
	GlobalSection(ProjectConfigurationPlatforms) = postSolution
		{DD3DD3D0-D293-4326-BC8D-9479E709C5F1}.Debug|Any CPU.ActiveCfg = Debug|Any CPU
		{DD3DD3D0-D293-4326-BC8D-9479E709C5F1}.Debug|Any CPU.Build.0 = Debug|Any CPU
		{DD3DD3D0-D293-4326-BC8D-9479E709C5F1}.Release|Any CPU.ActiveCfg = Release|Any CPU
		{DD3DD3D0-D293-4326-BC8D-9479E709C5F1}.Release|Any CPU.Build.0 = Release|Any CPU
	EndGlobalSection
	GlobalSection(SolutionProperties) = preSolution
		HideSolutionNode = FALSE
	EndGlobalSection
	GlobalSection(ExtensibilityGlobals) = postSolution
		SolutionGuid = {47CFD7F5-06FA-44C4-B17A-BB9E849E5ECC}
	EndGlobalSection
EndGlobal
